
Microsoft Visual Studio Solution File, Format Version 12.00
# Visual Studio Version 17
VisualStudioVersion = 17.10.35027.167
MinimumVisualStudioVersion = 10.0.40219.1
Project("{2150E333-8FDC-42A3-9474-1A3956D46DE8}") = "Bootstrapper", "Bootstrapper", "{2E53F278-F9C3-449C-B7E5-CE3A5F28DD94}"
EndProject
Project("{2150E333-8FDC-42A3-9474-1A3956D46DE8}") = "Shared", "Shared", "{FEBAD47B-AA8E-405B-80A7-7F8F313E6277}"
EndProject
Project("{FAE04EC0-301F-11D3-BF4B-00C04F79EFBC}") = "Api", "Bootstrapper\Api\Api.csproj", "{ACE4BA12-4B91-4F7B-B36C-141D2E873B96}"
EndProject
Project("{2150E333-8FDC-42A3-9474-1A3956D46DE8}") = "Modules", "Modules", "{2F9DB564-28A6-4C4A-BD05-51F2C322F0D7}"
EndProject
Project("{2150E333-8FDC-42A3-9474-1A3956D46DE8}") = "Catalog", "Catalog", "{479BA9F1-CD19-4072-90B5-BEE7CA9EB23E}"
EndProject
Project("{2150E333-8FDC-42A3-9474-1A3956D46DE8}") = "Basket", "Basket", "{9F7B9B77-7851-410C-A95A-219065F3F7F9}"
EndProject
Project("{2150E333-8FDC-42A3-9474-1A3956D46DE8}") = "Ordering", "Ordering", "{8F7E3A77-19ED-410A-A2BE-AACD07A378D0}"
EndProject
Project("{FAE04EC0-301F-11D3-BF4B-00C04F79EFBC}") = "Catalog", "Modules\Catalog\Catalog\Catalog.csproj", "{2497DC08-0D8C-4798-9BBB-932ADEE802BE}"
EndProject
Project("{FAE04EC0-301F-11D3-BF4B-00C04F79EFBC}") = "Basket", "Modules\Basket\Basket\Basket.csproj", "{338519FC-AFAF-44C7-B7F2-AA40054B14A0}"
EndProject
Project("{FAE04EC0-301F-11D3-BF4B-00C04F79EFBC}") = "Ordering", "Modules\Ordering\Ordering\Ordering.csproj", "{BC00186F-9015-4622-B620-037ECC000D84}"
EndProject
Project("{FAE04EC0-301F-11D3-BF4B-00C04F79EFBC}") = "Shared", "Shared\Shared\Shared.csproj", "{0FCA159A-5E29-4058-A29E-D5F3365BB63F}"
EndProject
Global
	GlobalSection(SolutionConfigurationPlatforms) = preSolution
		Debug|Any CPU = Debug|Any CPU
		Release|Any CPU = Release|Any CPU
	EndGlobalSection
	GlobalSection(ProjectConfigurationPlatforms) = postSolution
		{ACE4BA12-4B91-4F7B-B36C-141D2E873B96}.Debug|Any CPU.ActiveCfg = Debug|Any CPU
		{ACE4BA12-4B91-4F7B-B36C-141D2E873B96}.Debug|Any CPU.Build.0 = Debug|Any CPU
		{ACE4BA12-4B91-4F7B-B36C-141D2E873B96}.Release|Any CPU.ActiveCfg = Release|Any CPU
		{ACE4BA12-4B91-4F7B-B36C-141D2E873B96}.Release|Any CPU.Build.0 = Release|Any CPU
		{2497DC08-0D8C-4798-9BBB-932ADEE802BE}.Debug|Any CPU.ActiveCfg = Debug|Any CPU
		{2497DC08-0D8C-4798-9BBB-932ADEE802BE}.Debug|Any CPU.Build.0 = Debug|Any CPU
		{2497DC08-0D8C-4798-9BBB-932ADEE802BE}.Release|Any CPU.ActiveCfg = Release|Any CPU
		{2497DC08-0D8C-4798-9BBB-932ADEE802BE}.Release|Any CPU.Build.0 = Release|Any CPU
		{338519FC-AFAF-44C7-B7F2-AA40054B14A0}.Debug|Any CPU.ActiveCfg = Debug|Any CPU
		{338519FC-AFAF-44C7-B7F2-AA40054B14A0}.Debug|Any CPU.Build.0 = Debug|Any CPU
		{338519FC-AFAF-44C7-B7F2-AA40054B14A0}.Release|Any CPU.ActiveCfg = Release|Any CPU
		{338519FC-AFAF-44C7-B7F2-AA40054B14A0}.Release|Any CPU.Build.0 = Release|Any CPU
		{BC00186F-9015-4622-B620-037ECC000D84}.Debug|Any CPU.ActiveCfg = Debug|Any CPU
		{BC00186F-9015-4622-B620-037ECC000D84}.Debug|Any CPU.Build.0 = Debug|Any CPU
		{BC00186F-9015-4622-B620-037ECC000D84}.Release|Any CPU.ActiveCfg = Release|Any CPU
		{BC00186F-9015-4622-B620-037ECC000D84}.Release|Any CPU.Build.0 = Release|Any CPU
		{0FCA159A-5E29-4058-A29E-D5F3365BB63F}.Debug|Any CPU.ActiveCfg = Debug|Any CPU
		{0FCA159A-5E29-4058-A29E-D5F3365BB63F}.Debug|Any CPU.Build.0 = Debug|Any CPU
		{0FCA159A-5E29-4058-A29E-D5F3365BB63F}.Release|Any CPU.ActiveCfg = Release|Any CPU
		{0FCA159A-5E29-4058-A29E-D5F3365BB63F}.Release|Any CPU.Build.0 = Release|Any CPU
	EndGlobalSection
	GlobalSection(SolutionProperties) = preSolution
		HideSolutionNode = FALSE
	EndGlobalSection
	GlobalSection(NestedProjects) = preSolution
		{ACE4BA12-4B91-4F7B-B36C-141D2E873B96} = {2E53F278-F9C3-449C-B7E5-CE3A5F28DD94}
		{479BA9F1-CD19-4072-90B5-BEE7CA9EB23E} = {2F9DB564-28A6-4C4A-BD05-51F2C322F0D7}
		{9F7B9B77-7851-410C-A95A-219065F3F7F9} = {2F9DB564-28A6-4C4A-BD05-51F2C322F0D7}
		{8F7E3A77-19ED-410A-A2BE-AACD07A378D0} = {2F9DB564-28A6-4C4A-BD05-51F2C322F0D7}
		{2497DC08-0D8C-4798-9BBB-932ADEE802BE} = {479BA9F1-CD19-4072-90B5-BEE7CA9EB23E}
		{338519FC-AFAF-44C7-B7F2-AA40054B14A0} = {9F7B9B77-7851-410C-A95A-219065F3F7F9}
		{BC00186F-9015-4622-B620-037ECC000D84} = {8F7E3A77-19ED-410A-A2BE-AACD07A378D0}
		{0FCA159A-5E29-4058-A29E-D5F3365BB63F} = {FEBAD47B-AA8E-405B-80A7-7F8F313E6277}
	EndGlobalSection
	GlobalSection(ExtensibilityGlobals) = postSolution
		SolutionGuid = {470EF7EC-B3B7-4A5A-869A-499EB1E85578}
	EndGlobalSection
EndGlobal
